<?xml version="1.0" encoding="utf-8"?>
<Project ToolsVersion="4.0" xmlns="http://schemas.microsoft.com/developer/msbuild/2003">
  <ItemGroup>
    <Filter Include="Game">
      <UniqueIdentifier>{93995380-89BD-4b04-88EB-625FBE52EBFB}</UniqueIdentifier>
      <Extensions>h;hh;hpp;hxx;h++;hm;inl;inc;ipp;xsd</Extensions>
    </Filter>
    <Filter Include="Main">
      <UniqueIdentifier>{4FC737F1-C7A5-4376-A066-2A32D752A2FF}</UniqueIdentifier>
      <Extensions>cpp;c;cc;cxx;c++;cppm;ixx;def;odl;idl;hpj;bat;asm;asmx</Extensions>
    </Filter>
    <Filter Include="Screens .cpp">
      <UniqueIdentifier>{90e6fbb8-18be-4475-b26e-fbe2c5ca9b2b}</UniqueIdentifier>
    </Filter>
    <Filter Include="Screens .h">
      <UniqueIdentifier>{4b3e2535-b551-495a-a698-29f027948a7f}</UniqueIdentifier>
    </Filter>
    <Filter Include="Objects .h">
      <UniqueIdentifier>{87a55798-25ea-4c22-9e84-d1468eecb4e7}</UniqueIdentifier>
    </Filter>
    <Filter Include="Objects .cpp">
      <UniqueIdentifier>{0c21c77e-9547-4447-a7b0-7f1db1035e97}</UniqueIdentifier>
    </Filter>
  </ItemGroup>
  <ItemGroup>
    <ClCompile Include="src\main.cpp">
      <Filter>Main</Filter>
    </ClCompile>
    <ClCompile Include="src\game.cpp">
      <Filter>Game</Filter>
    </ClCompile>
    <ClCompile Include="src\gameplay.cpp">
      <Filter>Screens .cpp</Filter>
    </ClCompile>
    <ClCompile Include="src\player.cpp">
      <Filter>Objects .cpp</Filter>
    </ClCompile>
  </ItemGroup>
  <ItemGroup>
    <ClInclude Include="src\game.h">
      <Filter>Game</Filter>
    </ClInclude>
    <ClInclude Include="src\gameplay.h">
      <Filter>Screens .h</Filter>
    </ClInclude>
    <ClInclude Include="src\player.h">
      <Filter>Objects .h</Filter>
    </ClInclude>
  </ItemGroup>
</Project>